
Microsoft Visual Studio Solution File, Format Version 12.00
# Visual Studio Version 17
VisualStudioVersion = 17.12.35527.113 d17.12
MinimumVisualStudioVersion = 10.0.40219.1
Project("{FAE04EC0-301F-11D3-BF4B-00C04F79EFBC}") = "chung-suzanne-a3-project", "chung-suzanne-a3-project.csproj", "{6651AEDB-BF38-4E23-8AFF-9BD66D0EA61B}"
EndProject
Global
	GlobalSection(SolutionConfigurationPlatforms) = preSolution
		Debug|Any CPU = Debug|Any CPU
		Release|Any CPU = Release|Any CPU
	EndGlobalSection
	GlobalSection(ProjectConfigurationPlatforms) = postSolution
		{6651AEDB-BF38-4E23-8AFF-9BD66D0EA61B}.Debug|Any CPU.ActiveCfg = Debug|Any CPU
		{6651AEDB-BF38-4E23-8AFF-9BD66D0EA61B}.Debug|Any CPU.Build.0 = Debug|Any CPU
		{6651AEDB-BF38-4E23-8AFF-9BD66D0EA61B}.Release|Any CPU.ActiveCfg = Release|Any CPU
		{6651AEDB-BF38-4E23-8AFF-9BD66D0EA61B}.Release|Any CPU.Build.0 = Release|Any CPU
	EndGlobalSection
	GlobalSection(SolutionProperties) = preSolution
		HideSolutionNode = FALSE
	EndGlobalSection
EndGlobal
